// !$*UTF8*$!
{
	archiveVersion = 1;
	classes = {
	};
	objectVersion = 73;
	objects = {

/* Begin PBXBuildFile section */
		656DC8792D2193AC00A63D6E /* OpenSans-Regular.ttf in CopyFiles */ = {isa = PBXBuildFile; fileRef = 656DC8782D21939C00A63D6E /* OpenSans-Regular.ttf */; };
		657037612D7E513900185E7B /* libEngine.a in Frameworks */ = {isa = PBXBuildFile; fileRef = 6570371D2D7E454B00185E7B /* libEngine.a */; };
		657037622D7E513900185E7B /* libUI.a in Frameworks */ = {isa = PBXBuildFile; fileRef = 657037472D7E4C9000185E7B /* libUI.a */; };
		659390742D1F7E4F00FC8957 /* 001.mov in CopyFiles */ = {isa = PBXBuildFile; fileRef = 659390692D1E3CB000FC8957 /* 001.mov */; };
		659390752D1F7E4F00FC8957 /* 002.mov in CopyFiles */ = {isa = PBXBuildFile; fileRef = 6593906A2D1E3CB000FC8957 /* 002.mov */; };
		659390762D1F7E4F00FC8957 /* 003.mov in CopyFiles */ = {isa = PBXBuildFile; fileRef = 6593906B2D1E3CB000FC8957 /* 003.mov */; };
		659390772D1F7E4F00FC8957 /* 004.mov in CopyFiles */ = {isa = PBXBuildFile; fileRef = 6593906C2D1E3CB000FC8957 /* 004.mov */; };
		65F070262D4AF13F00019282 /* layerShader.frag in CopyFiles */ = {isa = PBXBuildFile; fileRef = 65F070242D4AEFC900019282 /* layerShader.frag */; };
		65F070272D4AF13F00019282 /* Base.vert in CopyFiles */ = {isa = PBXBuildFile; fileRef = 65F070252D4AEFC900019282 /* Base.vert */; };
		65F0702A2D4AF72E00019282 /* FastBlur.frag in CopyFiles */ = {isa = PBXBuildFile; fileRef = 65F070282D4AF69800019282 /* FastBlur.frag */; };
		65F101D92E1209E20013F416 /* kiss_fft.c in Sources */ = {isa = PBXBuildFile; fileRef = 65F1011C2E12046A0013F416 /* kiss_fft.c */; };
		65F101DA2E1209EC0013F416 /* kiss_fftr.c in Sources */ = {isa = PBXBuildFile; fileRef = 65F1011E2E12046A0013F416 /* kiss_fftr.c */; };
		65F101DB2E120A040013F416 /* ofxFft.cpp in Sources */ = {isa = PBXBuildFile; fileRef = 65F101242E12046A0013F416 /* ofxFft.cpp */; };
		65F101DC2E120A040013F416 /* ofxEasyFft.cpp in Sources */ = {isa = PBXBuildFile; fileRef = 65F101222E12046A0013F416 /* ofxEasyFft.cpp */; };
		65F101DD2E120A040013F416 /* ofxProcessFFT.cpp in Sources */ = {isa = PBXBuildFile; fileRef = 65F1012A2E12046A0013F416 /* ofxProcessFFT.cpp */; };
		65F101DE2E120A040013F416 /* ofxFftBasic.cpp in Sources */ = {isa = PBXBuildFile; fileRef = 65F101262E12046A0013F416 /* ofxFftBasic.cpp */; };
		65F101DF2E120A040013F416 /* ofxFftw.cpp in Sources */ = {isa = PBXBuildFile; fileRef = 65F101282E12046A0013F416 /* ofxFftw.cpp */; };
		65F102342E120A4A0013F416 /* RtMidi.h in Headers */ = {isa = PBXBuildFile; fileRef = 65F1022B2E120A4A0013F416 /* RtMidi.h */; };
		65F102382E120A4A0013F416 /* RtMidi.cpp in Sources */ = {isa = PBXBuildFile; fileRef = 65F1022C2E120A4A0013F416 /* RtMidi.cpp */; };
		65F1025C2E120BFB0013F416 /* ofxMidiIn.h in Headers */ = {isa = PBXBuildFile; fileRef = 65F102522E120BFB0013F416 /* ofxMidiIn.h */; };
		65F1025D2E120BFB0013F416 /* ofxMidiMessage.h in Headers */ = {isa = PBXBuildFile; fileRef = 65F102542E120BFB0013F416 /* ofxMidiMessage.h */; };
		65F1025F2E120BFB0013F416 /* ofxMidiOut.h in Headers */ = {isa = PBXBuildFile; fileRef = 65F102562E120BFB0013F416 /* ofxMidiOut.h */; };
		65F102602E120BFB0013F416 /* ofxMidiConstants.h in Headers */ = {isa = PBXBuildFile; fileRef = 65F102512E120BFB0013F416 /* ofxMidiConstants.h */; };
		65F102622E120BFB0013F416 /* ofxMidiClock.h in Headers */ = {isa = PBXBuildFile; fileRef = 65F1024F2E120BFB0013F416 /* ofxMidiClock.h */; };
		65F102632E120BFB0013F416 /* ofxBaseMidi.h in Headers */ = {isa = PBXBuildFile; fileRef = 65F1024B2E120BFB0013F416 /* ofxBaseMidi.h */; };
		65F102652E120BFB0013F416 /* ofxRtMidiIn.h in Headers */ = {isa = PBXBuildFile; fileRef = 65F1023B2E120BFB0013F416 /* ofxRtMidiIn.h */; };
		65F102672E120BFB0013F416 /* ofxMidiTypes.h in Headers */ = {isa = PBXBuildFile; fileRef = 65F1025A2E120BFB0013F416 /* ofxMidiTypes.h */; };
		65F102692E120BFB0013F416 /* ofxRtMidiOut.h in Headers */ = {isa = PBXBuildFile; fileRef = 65F1023D2E120BFB0013F416 /* ofxRtMidiOut.h */; };
		65F1026A2E120BFB0013F416 /* ofxMidiTimecode.h in Headers */ = {isa = PBXBuildFile; fileRef = 65F102582E120BFB0013F416 /* ofxMidiTimecode.h */; };
		65F1026B2E120BFB0013F416 /* ofxMidi.h in Headers */ = {isa = PBXBuildFile; fileRef = 65F1024D2E120BFB0013F416 /* ofxMidi.h */; };
		65F1026C2E120BFB0013F416 /* ofxMidiIn.cpp in Sources */ = {isa = PBXBuildFile; fileRef = 65F102532E120BFB0013F416 /* ofxMidiIn.cpp */; };
		65F1026D2E120BFB0013F416 /* ofxMidi.cpp in Sources */ = {isa = PBXBuildFile; fileRef = 65F1024E2E120BFB0013F416 /* ofxMidi.cpp */; };
		65F1026E2E120BFB0013F416 /* ofxRtMidiIn.cpp in Sources */ = {isa = PBXBuildFile; fileRef = 65F1023C2E120BFB0013F416 /* ofxRtMidiIn.cpp */; };
		65F1026F2E120BFB0013F416 /* ofxRtMidiOut.cpp in Sources */ = {isa = PBXBuildFile; fileRef = 65F1023E2E120BFB0013F416 /* ofxRtMidiOut.cpp */; };
		65F102712E120BFB0013F416 /* ofxMidiTimecode.cpp in Sources */ = {isa = PBXBuildFile; fileRef = 65F102592E120BFB0013F416 /* ofxMidiTimecode.cpp */; };
		65F102742E120BFB0013F416 /* ofxMidiMessage.cpp in Sources */ = {isa = PBXBuildFile; fileRef = 65F102552E120BFB0013F416 /* ofxMidiMessage.cpp */; };
		65F102762E120BFB0013F416 /* ofxMidiClock.cpp in Sources */ = {isa = PBXBuildFile; fileRef = 65F102502E120BFB0013F416 /* ofxMidiClock.cpp */; };
		65F102782E120BFB0013F416 /* ofxBaseMidi.cpp in Sources */ = {isa = PBXBuildFile; fileRef = 65F1024C2E120BFB0013F416 /* ofxBaseMidi.cpp */; };
		65F102792E120BFB0013F416 /* ofxMidiOut.cpp in Sources */ = {isa = PBXBuildFile; fileRef = 65F102572E120BFB0013F416 /* ofxMidiOut.cpp */; };
		65F1027D2E12FA9E0013F416 /* CoreMIDI.framework in Frameworks */ = {isa = PBXBuildFile; fileRef = 65F102392E120ACD0013F416 /* CoreMIDI.framework */; };
		65F1027F2E12FAA40013F416 /* CoreAudioKit.framework in Frameworks */ = {isa = PBXBuildFile; fileRef = 65F1027E2E12FAA40013F416 /* CoreAudioKit.framework */; };
/* End PBXBuildFile section */

/* Begin PBXCopyFilesBuildPhase section */
		656DC8862D25E7A700A63D6E /* CopyFiles */ = {
			isa = PBXCopyFilesBuildPhase;
			buildActionMask = 2147483647;
			dstPath = /usr/share/man/man1/;
			dstSubfolderSpec = 0;
			files = (
			);
			runOnlyForDeploymentPostprocessing = 1;
		};
		E4A5B60F29BAAAE400C2D356 /* CopyFiles */ = {
			isa = PBXCopyFilesBuildPhase;
			buildActionMask = 2147483647;
			dstPath = "";
			dstSubfolderSpec = 6;
			files = (
			);
			runOnlyForDeploymentPostprocessing = 0;
		};
		E4C2427710CC5ABF004149E2 /* CopyFiles */ = {
			isa = PBXCopyFilesBuildPhase;
			buildActionMask = 2147483647;
			dstPath = data;
			dstSubfolderSpec = 16;
			files = (
				65F0702A2D4AF72E00019282 /* FastBlur.frag in CopyFiles */,
				65F070262D4AF13F00019282 /* layerShader.frag in CopyFiles */,
				65F070272D4AF13F00019282 /* Base.vert in CopyFiles */,
				656DC8792D2193AC00A63D6E /* OpenSans-Regular.ttf in CopyFiles */,
				659390742D1F7E4F00FC8957 /* 001.mov in CopyFiles */,
				659390752D1F7E4F00FC8957 /* 002.mov in CopyFiles */,
				659390762D1F7E4F00FC8957 /* 003.mov in CopyFiles */,
				659390772D1F7E4F00FC8957 /* 004.mov in CopyFiles */,
			);
			runOnlyForDeploymentPostprocessing = 0;
		};
/* End PBXCopyFilesBuildPhase section */

/* Begin PBXFileReference section */
		191CD6FA2847E21E0085CBB6 /* of.entitlements */ = {isa = PBXFileReference; fileEncoding = 4; lastKnownFileType = text.plist.entitlements; path = of.entitlements; sourceTree = "<group>"; };
		191EF70929D778A400F35F26 /* openFrameworks */ = {isa = PBXFileReference; lastKnownFileType = folder; name = openFrameworks; path = ../../../libs/openFrameworks; sourceTree = SOURCE_ROOT; };
		65471B152BE7F7CD0051FA78 /* README.md */ = {isa = PBXFileReference; lastKnownFileType = net.daringfireball.markdown; path = README.md; sourceTree = "<group>"; };
		656DC8752D20E9B300A63D6E /* Cousine-Regular.ttf */ = {isa = PBXFileReference; lastKnownFileType = file; path = "Cousine-Regular.ttf"; sourceTree = "<group>"; };
		656DC8782D21939C00A63D6E /* OpenSans-Regular.ttf */ = {isa = PBXFileReference; lastKnownFileType = file; path = "OpenSans-Regular.ttf"; sourceTree = "<group>"; };
		656DC8882D25E7A700A63D6E /* Catch2Tests */ = {isa = PBXFileReference; explicitFileType = "compiled.mach-o.executable"; includeInIndex = 0; path = Catch2Tests; sourceTree = BUILT_PRODUCTS_DIR; };
		6570371D2D7E454B00185E7B /* libEngine.a */ = {isa = PBXFileReference; explicitFileType = "compiled.mach-o.dylib"; includeInIndex = 0; path = libEngine.a; sourceTree = BUILT_PRODUCTS_DIR; };
		657037472D7E4C9000185E7B /* libUI.a */ = {isa = PBXFileReference; explicitFileType = archive.ar; includeInIndex = 0; path = libUI.a; sourceTree = BUILT_PRODUCTS_DIR; };
		659390692D1E3CB000FC8957 /* 001.mov */ = {isa = PBXFileReference; lastKnownFileType = video.quicktime; path = 001.mov; sourceTree = "<group>"; };
		6593906A2D1E3CB000FC8957 /* 002.mov */ = {isa = PBXFileReference; lastKnownFileType = video.quicktime; path = 002.mov; sourceTree = "<group>"; };
		6593906B2D1E3CB000FC8957 /* 003.mov */ = {isa = PBXFileReference; lastKnownFileType = video.quicktime; path = 003.mov; sourceTree = "<group>"; };
		6593906C2D1E3CB000FC8957 /* 004.mov */ = {isa = PBXFileReference; lastKnownFileType = video.quicktime; path = 004.mov; sourceTree = "<group>"; };
		65F070242D4AEFC900019282 /* layerShader.frag */ = {isa = PBXFileReference; lastKnownFileType = sourcecode.glsl; path = layerShader.frag; sourceTree = "<group>"; };
		65F070252D4AEFC900019282 /* Base.vert */ = {isa = PBXFileReference; lastKnownFileType = sourcecode.glsl; path = Base.vert; sourceTree = "<group>"; };
		65F070282D4AF69800019282 /* FastBlur.frag */ = {isa = PBXFileReference; lastKnownFileType = sourcecode.glsl; path = FastBlur.frag; sourceTree = "<group>"; };
		65F0708E2D4AF91A00019282 /* ContrastBrightnessSaturation.frag */ = {isa = PBXFileReference; lastKnownFileType = sourcecode.glsl; path = ContrastBrightnessSaturation.frag; sourceTree = "<group>"; };
		65F0708F2D4AF9F600019282 /* RGBTint.frag */ = {isa = PBXFileReference; lastKnownFileType = sourcecode.glsl; path = RGBTint.frag; sourceTree = "<group>"; };
		65F101192E12046A0013F416 /* _kiss_fft_guts.h */ = {isa = PBXFileReference; lastKnownFileType = sourcecode.c.h; path = _kiss_fft_guts.h; sourceTree = "<group>"; };
		65F1011A2E12046A0013F416 /* .keep */ = {isa = PBXFileReference; lastKnownFileType = text; path = .keep; sourceTree = "<group>"; };
		65F1011B2E12046A0013F416 /* kiss_fft.h */ = {isa = PBXFileReference; lastKnownFileType = sourcecode.c.h; path = kiss_fft.h; sourceTree = "<group>"; };
		65F1011C2E12046A0013F416 /* kiss_fft.c */ = {isa = PBXFileReference; lastKnownFileType = sourcecode.c.c; path = kiss_fft.c; sourceTree = "<group>"; };
		65F1011D2E12046A0013F416 /* kiss_fftr.h */ = {isa = PBXFileReference; lastKnownFileType = sourcecode.c.h; path = kiss_fftr.h; sourceTree = "<group>"; };
		65F1011E2E12046A0013F416 /* kiss_fftr.c */ = {isa = PBXFileReference; lastKnownFileType = sourcecode.c.c; path = kiss_fftr.c; sourceTree = "<group>"; };
		65F101212E12046A0013F416 /* ofxEasyFft.h */ = {isa = PBXFileReference; lastKnownFileType = sourcecode.c.h; path = ofxEasyFft.h; sourceTree = "<group>"; };
		65F101222E12046A0013F416 /* ofxEasyFft.cpp */ = {isa = PBXFileReference; lastKnownFileType = sourcecode.cpp.cpp; path = ofxEasyFft.cpp; sourceTree = "<group>"; };
		65F101232E12046A0013F416 /* ofxFft.h */ = {isa = PBXFileReference; lastKnownFileType = sourcecode.c.h; path = ofxFft.h; sourceTree = "<group>"; };
		65F101242E12046A0013F416 /* ofxFft.cpp */ = {isa = PBXFileReference; lastKnownFileType = sourcecode.cpp.cpp; path = ofxFft.cpp; sourceTree = "<group>"; };
		65F101252E12046A0013F416 /* ofxFftBasic.h */ = {isa = PBXFileReference; lastKnownFileType = sourcecode.c.h; path = ofxFftBasic.h; sourceTree = "<group>"; };
		65F101262E12046A0013F416 /* ofxFftBasic.cpp */ = {isa = PBXFileReference; lastKnownFileType = sourcecode.cpp.cpp; path = ofxFftBasic.cpp; sourceTree = "<group>"; };
		65F101272E12046A0013F416 /* ofxFftw.h */ = {isa = PBXFileReference; lastKnownFileType = sourcecode.c.h; path = ofxFftw.h; sourceTree = "<group>"; };
		65F101282E12046A0013F416 /* ofxFftw.cpp */ = {isa = PBXFileReference; lastKnownFileType = sourcecode.cpp.cpp; path = ofxFftw.cpp; sourceTree = "<group>"; };
		65F101292E12046A0013F416 /* ofxProcessFFT.h */ = {isa = PBXFileReference; lastKnownFileType = sourcecode.c.h; path = ofxProcessFFT.h; sourceTree = "<group>"; };
		65F1012A2E12046A0013F416 /* ofxProcessFFT.cpp */ = {isa = PBXFileReference; lastKnownFileType = sourcecode.cpp.cpp; path = ofxProcessFFT.cpp; sourceTree = "<group>"; };
		65F1012D2E12046A0013F416 /* addon_config.mk */ = {isa = PBXFileReference; lastKnownFileType = text; path = addon_config.mk; sourceTree = "<group>"; };
		65F1022A2E120A4A0013F416 /* README.md */ = {isa = PBXFileReference; lastKnownFileType = net.daringfireball.markdown; path = README.md; sourceTree = "<group>"; };
		65F1022B2E120A4A0013F416 /* RtMidi.h */ = {isa = PBXFileReference; lastKnownFileType = sourcecode.c.h; path = RtMidi.h; sourceTree = "<group>"; };
		65F1022C2E120A4A0013F416 /* RtMidi.cpp */ = {isa = PBXFileReference; lastKnownFileType = sourcecode.cpp.cpp; path = RtMidi.cpp; sourceTree = "<group>"; };
		65F102392E120ACD0013F416 /* CoreMIDI.framework */ = {isa = PBXFileReference; lastKnownFileType = wrapper.framework; name = CoreMIDI.framework; path = System/Library/Frameworks/CoreMIDI.framework; sourceTree = SDKROOT; };
		65F1023B2E120BFB0013F416 /* ofxRtMidiIn.h */ = {isa = PBXFileReference; lastKnownFileType = sourcecode.c.h; path = ofxRtMidiIn.h; sourceTree = "<group>"; };
		65F1023C2E120BFB0013F416 /* ofxRtMidiIn.cpp */ = {isa = PBXFileReference; lastKnownFileType = sourcecode.cpp.cpp; path = ofxRtMidiIn.cpp; sourceTree = "<group>"; };
		65F1023D2E120BFB0013F416 /* ofxRtMidiOut.h */ = {isa = PBXFileReference; lastKnownFileType = sourcecode.c.h; path = ofxRtMidiOut.h; sourceTree = "<group>"; };
		65F1023E2E120BFB0013F416 /* ofxRtMidiOut.cpp */ = {isa = PBXFileReference; lastKnownFileType = sourcecode.cpp.cpp; path = ofxRtMidiOut.cpp; sourceTree = "<group>"; };
		65F1024B2E120BFB0013F416 /* ofxBaseMidi.h */ = {isa = PBXFileReference; lastKnownFileType = sourcecode.c.h; path = ofxBaseMidi.h; sourceTree = "<group>"; };
		65F1024C2E120BFB0013F416 /* ofxBaseMidi.cpp */ = {isa = PBXFileReference; lastKnownFileType = sourcecode.cpp.cpp; path = ofxBaseMidi.cpp; sourceTree = "<group>"; };
		65F1024D2E120BFB0013F416 /* ofxMidi.h */ = {isa = PBXFileReference; lastKnownFileType = sourcecode.c.h; path = ofxMidi.h; sourceTree = "<group>"; };
		65F1024E2E120BFB0013F416 /* ofxMidi.cpp */ = {isa = PBXFileReference; lastKnownFileType = sourcecode.cpp.cpp; path = ofxMidi.cpp; sourceTree = "<group>"; };
		65F1024F2E120BFB0013F416 /* ofxMidiClock.h */ = {isa = PBXFileReference; lastKnownFileType = sourcecode.c.h; path = ofxMidiClock.h; sourceTree = "<group>"; };
		65F102502E120BFB0013F416 /* ofxMidiClock.cpp */ = {isa = PBXFileReference; lastKnownFileType = sourcecode.cpp.cpp; path = ofxMidiClock.cpp; sourceTree = "<group>"; };
		65F102512E120BFB0013F416 /* ofxMidiConstants.h */ = {isa = PBXFileReference; lastKnownFileType = sourcecode.c.h; path = ofxMidiConstants.h; sourceTree = "<group>"; };
		65F102522E120BFB0013F416 /* ofxMidiIn.h */ = {isa = PBXFileReference; lastKnownFileType = sourcecode.c.h; path = ofxMidiIn.h; sourceTree = "<group>"; };
		65F102532E120BFB0013F416 /* ofxMidiIn.cpp */ = {isa = PBXFileReference; lastKnownFileType = sourcecode.cpp.cpp; path = ofxMidiIn.cpp; sourceTree = "<group>"; };
		65F102542E120BFB0013F416 /* ofxMidiMessage.h */ = {isa = PBXFileReference; lastKnownFileType = sourcecode.c.h; path = ofxMidiMessage.h; sourceTree = "<group>"; };
		65F102552E120BFB0013F416 /* ofxMidiMessage.cpp */ = {isa = PBXFileReference; lastKnownFileType = sourcecode.cpp.cpp; path = ofxMidiMessage.cpp; sourceTree = "<group>"; };
		65F102562E120BFB0013F416 /* ofxMidiOut.h */ = {isa = PBXFileReference; lastKnownFileType = sourcecode.c.h; path = ofxMidiOut.h; sourceTree = "<group>"; };
		65F102572E120BFB0013F416 /* ofxMidiOut.cpp */ = {isa = PBXFileReference; lastKnownFileType = sourcecode.cpp.cpp; path = ofxMidiOut.cpp; sourceTree = "<group>"; };
		65F102582E120BFB0013F416 /* ofxMidiTimecode.h */ = {isa = PBXFileReference; lastKnownFileType = sourcecode.c.h; path = ofxMidiTimecode.h; sourceTree = "<group>"; };
		65F102592E120BFB0013F416 /* ofxMidiTimecode.cpp */ = {isa = PBXFileReference; lastKnownFileType = sourcecode.cpp.cpp; path = ofxMidiTimecode.cpp; sourceTree = "<group>"; };
		65F1025A2E120BFB0013F416 /* ofxMidiTypes.h */ = {isa = PBXFileReference; lastKnownFileType = sourcecode.c.h; path = ofxMidiTypes.h; sourceTree = "<group>"; };
		65F1027B2E12FA890013F416 /* CoreAudio.framework */ = {isa = PBXFileReference; lastKnownFileType = wrapper.framework; name = CoreAudio.framework; path = System/Library/Frameworks/CoreAudio.framework; sourceTree = SDKROOT; };
		65F1027E2E12FAA40013F416 /* CoreAudioKit.framework */ = {isa = PBXFileReference; lastKnownFileType = wrapper.framework; name = CoreAudioKit.framework; path = System/Library/Frameworks/CoreAudioKit.framework; sourceTree = SDKROOT; };
		E4B69B5B0A3A1756003C02F2 /* Hello WorldDebug.app */ = {isa = PBXFileReference; explicitFileType = wrapper.application; includeInIndex = 0; path = "Hello WorldDebug.app"; sourceTree = BUILT_PRODUCTS_DIR; };
		E4B6FCAD0C3E899E008CF71C /* openFrameworks-Info.plist */ = {isa = PBXFileReference; fileEncoding = 4; lastKnownFileType = text.plist.xml; path = "openFrameworks-Info.plist"; sourceTree = "<group>"; };
		E4EB6923138AFD0F00A09F29 /* Project.xcconfig */ = {isa = PBXFileReference; fileEncoding = 4; lastKnownFileType = text.xcconfig; path = Project.xcconfig; sourceTree = "<group>"; };
/* End PBXFileReference section */

/* Begin PBXFileSystemSynchronizedBuildFileExceptionSet section */
		657037352D7E45C700185E7B /* PBXFileSystemSynchronizedBuildFileExceptionSet */ = {
			isa = PBXFileSystemSynchronizedBuildFileExceptionSet;
			membershipExceptions = (
				Layer.cpp,
				Mixer.cpp,
				Plotters/BufferPlotter.cpp,
				Plotters/BufferPlotter.hpp,
				Plotters/Plotter.cpp,
				Plotters/Plotter.hpp,
				Plotters/SignalPlotter.cpp,
				Services/FFT.hpp,
				Services/MIDI.hpp,
				Set.cpp,
			);
			target = 6570371C2D7E454B00185E7B /* Engine */;
		};
		6570375A2D7E4CAB00185E7B /* PBXFileSystemSynchronizedBuildFileExceptionSet */ = {
			isa = PBXFileSystemSynchronizedBuildFileExceptionSet;
			membershipExceptions = (
				Containers.cpp,
				Elements.cpp,
				Primitives.cpp,
				UI.cpp,
			);
			target = 657037462D7E4C9000185E7B /* UI */;
		};
		6570375E2D7E4D4B00185E7B /* PBXFileSystemSynchronizedBuildFileExceptionSet */ = {
			isa = PBXFileSystemSynchronizedBuildFileExceptionSet;
			membershipExceptions = (
				Layer.cpp,
				Mixer.cpp,
				Plotters/BufferPlotter.cpp,
				Plotters/Plotter.cpp,
				Plotters/SignalPlotter.cpp,
				Set.cpp,
			);
			target = E4B69B5A0A3A1756003C02F2 /* Hello World */;
		};
		6570375F2D7E4D4D00185E7B /* PBXFileSystemSynchronizedBuildFileExceptionSet */ = {
			isa = PBXFileSystemSynchronizedBuildFileExceptionSet;
			membershipExceptions = (
				Containers.cpp,
				Elements.cpp,
				Primitives.cpp,
				UI.cpp,
			);
			target = E4B69B5A0A3A1756003C02F2 /* Hello World */;
		};
		65B9A5922D27555700ADCDBE /* PBXFileSystemSynchronizedBuildFileExceptionSet */ = {
			isa = PBXFileSystemSynchronizedBuildFileExceptionSet;
			membershipExceptions = (
				UI/TestContainers.cpp,
			);
			target = 656DC8872D25E7A700A63D6E /* Catch2Tests */;
		};
/* End PBXFileSystemSynchronizedBuildFileExceptionSet section */

/* Begin PBXFileSystemSynchronizedGroupBuildPhaseMembershipExceptionSet section */
		6570372B2D7E45A400185E7B /* PBXFileSystemSynchronizedGroupBuildPhaseMembershipExceptionSet */ = {
			isa = PBXFileSystemSynchronizedGroupBuildPhaseMembershipExceptionSet;
			buildPhase = 6570371A2D7E454B00185E7B /* Sources */;
			membershipExceptions = (
				Elements/BaseClasses.hpp,
				Elements/Observer.hpp,
				Elements/Signals.hpp,
				Elements/Visuals.hpp,
				Layer.hpp,
				Mixer.hpp,
				Plotters/SignalPlotter.hpp,
				Set.hpp,
				Transformations.hpp,
			);
		};
		6570375B2D7E4CAB00185E7B /* PBXFileSystemSynchronizedGroupBuildPhaseMembershipExceptionSet */ = {
			isa = PBXFileSystemSynchronizedGroupBuildPhaseMembershipExceptionSet;
			buildPhase = 657037442D7E4C9000185E7B /* Sources */;
			membershipExceptions = (
				Containers.hpp,
				Elements.hpp,
				Primitives.hpp,
				UI.hpp,
			);
		};
/* End PBXFileSystemSynchronizedGroupBuildPhaseMembershipExceptionSet section */

/* Begin PBXFileSystemSynchronizedRootGroup section */
		656DC86F2D20BB8900A63D6E /* UI */ = {isa = PBXFileSystemSynchronizedRootGroup; exceptions = (6570375F2D7E4D4D00185E7B /* PBXFileSystemSynchronizedBuildFileExceptionSet */, 6570375A2D7E4CAB00185E7B /* PBXFileSystemSynchronizedBuildFileExceptionSet */, 6570375B2D7E4CAB00185E7B /* PBXFileSystemSynchronizedGroupBuildPhaseMembershipExceptionSet */, ); explicitFileTypes = {}; explicitFolders = (); path = UI; sourceTree = "<group>"; };
		656DC8772D21920E00A63D6E /* Engine */ = {isa = PBXFileSystemSynchronizedRootGroup; exceptions = (6570375E2D7E4D4B00185E7B /* PBXFileSystemSynchronizedBuildFileExceptionSet */, 657037352D7E45C700185E7B /* PBXFileSystemSynchronizedBuildFileExceptionSet */, 6570372B2D7E45A400185E7B /* PBXFileSystemSynchronizedGroupBuildPhaseMembershipExceptionSet */, ); explicitFileTypes = {}; explicitFolders = (); path = Engine; sourceTree = "<group>"; };
		656DC8892D25E7A700A63D6E /* Catch2Tests */ = {isa = PBXFileSystemSynchronizedRootGroup; exceptions = (65B9A5922D27555700ADCDBE /* PBXFileSystemSynchronizedBuildFileExceptionSet */, ); explicitFileTypes = {}; explicitFolders = (); path = Catch2Tests; sourceTree = "<group>"; };
		6570375C2D7E4CFB00185E7B /* Examples */ = {isa = PBXFileSystemSynchronizedRootGroup; explicitFileTypes = {}; explicitFolders = (); path = Examples; sourceTree = "<group>"; };
/* End PBXFileSystemSynchronizedRootGroup section */

/* Begin PBXFrameworksBuildPhase section */
		656DC8852D25E7A700A63D6E /* Frameworks */ = {
			isa = PBXFrameworksBuildPhase;
			buildActionMask = 2147483647;
			files = (
			);
			runOnlyForDeploymentPostprocessing = 0;
		};
		6570371B2D7E454B00185E7B /* Frameworks */ = {
			isa = PBXFrameworksBuildPhase;
			buildActionMask = 2147483647;
			files = (
			);
			runOnlyForDeploymentPostprocessing = 0;
		};
		657037452D7E4C9000185E7B /* Frameworks */ = {
			isa = PBXFrameworksBuildPhase;
			buildActionMask = 2147483647;
			files = (
			);
			runOnlyForDeploymentPostprocessing = 0;
		};
		E4B69B590A3A1756003C02F2 /* Frameworks */ = {
			isa = PBXFrameworksBuildPhase;
			buildActionMask = 2147483647;
			files = (
				65F1027F2E12FAA40013F416 /* CoreAudioKit.framework in Frameworks */,
				65F1027D2E12FA9E0013F416 /* CoreMIDI.framework in Frameworks */,
				657037612D7E513900185E7B /* libEngine.a in Frameworks */,
				657037622D7E513900185E7B /* libUI.a in Frameworks */,
			);
			runOnlyForDeploymentPostprocessing = 0;
		};
/* End PBXFrameworksBuildPhase section */

/* Begin PBXGroup section */
		657037602D7E513900185E7B /* Frameworks */ = {
			isa = PBXGroup;
			children = (
				65F1027E2E12FAA40013F416 /* CoreAudioKit.framework */,
				65F1027B2E12FA890013F416 /* CoreAudio.framework */,
				65F102392E120ACD0013F416 /* CoreMIDI.framework */,
			);
			name = Frameworks;
			sourceTree = "<group>";
		};
		6593906F2D1E3CB000FC8957 /* Resources */ = {
			isa = PBXGroup;
			children = (
				65F0708F2D4AF9F600019282 /* RGBTint.frag */,
				65F0708E2D4AF91A00019282 /* ContrastBrightnessSaturation.frag */,
				65F070282D4AF69800019282 /* FastBlur.frag */,
				65F070242D4AEFC900019282 /* layerShader.frag */,
				65F070252D4AEFC900019282 /* Base.vert */,
				656DC8782D21939C00A63D6E /* OpenSans-Regular.ttf */,
				656DC8752D20E9B300A63D6E /* Cousine-Regular.ttf */,
				659390692D1E3CB000FC8957 /* 001.mov */,
				6593906A2D1E3CB000FC8957 /* 002.mov */,
				6593906B2D1E3CB000FC8957 /* 003.mov */,
				6593906C2D1E3CB000FC8957 /* 004.mov */,
			);
			path = Resources;
			sourceTree = "<group>";
		};
		65F1011F2E12046A0013F416 /* kiss */ = {
			isa = PBXGroup;
			children = (
				65F101192E12046A0013F416 /* _kiss_fft_guts.h */,
				65F1011A2E12046A0013F416 /* .keep */,
				65F1011B2E12046A0013F416 /* kiss_fft.h */,
				65F1011C2E12046A0013F416 /* kiss_fft.c */,
				65F1011D2E12046A0013F416 /* kiss_fftr.h */,
				65F1011E2E12046A0013F416 /* kiss_fftr.c */,
			);
			path = kiss;
			sourceTree = "<group>";
		};
		65F101202E12046A0013F416 /* libs */ = {
			isa = PBXGroup;
			children = (
				65F1011F2E12046A0013F416 /* kiss */,
			);
			path = libs;
			sourceTree = "<group>";
		};
		65F1012B2E12046A0013F416 /* src */ = {
			isa = PBXGroup;
			children = (
				65F101212E12046A0013F416 /* ofxEasyFft.h */,
				65F101222E12046A0013F416 /* ofxEasyFft.cpp */,
				65F101232E12046A0013F416 /* ofxFft.h */,
				65F101242E12046A0013F416 /* ofxFft.cpp */,
				65F101252E12046A0013F416 /* ofxFftBasic.h */,
				65F101262E12046A0013F416 /* ofxFftBasic.cpp */,
				65F101272E12046A0013F416 /* ofxFftw.h */,
				65F101282E12046A0013F416 /* ofxFftw.cpp */,
				65F101292E12046A0013F416 /* ofxProcessFFT.h */,
				65F1012A2E12046A0013F416 /* ofxProcessFFT.cpp */,
			);
			path = src;
			sourceTree = "<group>";
		};
		65F101302E12046A0013F416 /* ofxFft */ = {
			isa = PBXGroup;
			children = (
				65F101202E12046A0013F416 /* libs */,
				65F1012B2E12046A0013F416 /* src */,
				65F1012D2E12046A0013F416 /* addon_config.mk */,
			);
			path = ofxFft;
			sourceTree = "<group>";
		};
		65F101E02E120A0F0013F416 /* ofxMidi */ = {
			isa = PBXGroup;
			children = (
				65F1025B2E120BFB0013F416 /* src */,
				65F1022E2E120A4A0013F416 /* libs */,
			);
			path = ofxMidi;
			sourceTree = "<group>";
		};
		65F1022D2E120A4A0013F416 /* rtmidi */ = {
			isa = PBXGroup;
			children = (
				65F1022A2E120A4A0013F416 /* README.md */,
				65F1022B2E120A4A0013F416 /* RtMidi.h */,
				65F1022C2E120A4A0013F416 /* RtMidi.cpp */,
			);
			path = rtmidi;
			sourceTree = "<group>";
		};
		65F1022E2E120A4A0013F416 /* libs */ = {
			isa = PBXGroup;
			children = (
				65F1022D2E120A4A0013F416 /* rtmidi */,
			);
			path = libs;
			sourceTree = "<group>";
		};
		65F1023F2E120BFB0013F416 /* desktop */ = {
			isa = PBXGroup;
			children = (
				65F1023B2E120BFB0013F416 /* ofxRtMidiIn.h */,
				65F1023C2E120BFB0013F416 /* ofxRtMidiIn.cpp */,
				65F1023D2E120BFB0013F416 /* ofxRtMidiOut.h */,
				65F1023E2E120BFB0013F416 /* ofxRtMidiOut.cpp */,
			);
			path = desktop;
			sourceTree = "<group>";
		};
		65F1025B2E120BFB0013F416 /* src */ = {
			isa = PBXGroup;
			children = (
				65F1023F2E120BFB0013F416 /* desktop */,
				65F1024B2E120BFB0013F416 /* ofxBaseMidi.h */,
				65F1024C2E120BFB0013F416 /* ofxBaseMidi.cpp */,
				65F1024D2E120BFB0013F416 /* ofxMidi.h */,
				65F1024E2E120BFB0013F416 /* ofxMidi.cpp */,
				65F1024F2E120BFB0013F416 /* ofxMidiClock.h */,
				65F102502E120BFB0013F416 /* ofxMidiClock.cpp */,
				65F102512E120BFB0013F416 /* ofxMidiConstants.h */,
				65F102522E120BFB0013F416 /* ofxMidiIn.h */,
				65F102532E120BFB0013F416 /* ofxMidiIn.cpp */,
				65F102542E120BFB0013F416 /* ofxMidiMessage.h */,
				65F102552E120BFB0013F416 /* ofxMidiMessage.cpp */,
				65F102562E120BFB0013F416 /* ofxMidiOut.h */,
				65F102572E120BFB0013F416 /* ofxMidiOut.cpp */,
				65F102582E120BFB0013F416 /* ofxMidiTimecode.h */,
				65F102592E120BFB0013F416 /* ofxMidiTimecode.cpp */,
				65F1025A2E120BFB0013F416 /* ofxMidiTypes.h */,
			);
			path = src;
			sourceTree = "<group>";
		};
		BB4B014C10F69532006C3DED /* addons */ = {
			isa = PBXGroup;
			children = (
				65F101E02E120A0F0013F416 /* ofxMidi */,
				65F101302E12046A0013F416 /* ofxFft */,
			);
			name = addons;
			path = ../../../addons;
			sourceTree = "<group>";
		};
		E4B69B4A0A3A1720003C02F2 = {
			isa = PBXGroup;
			children = (
				191CD6FA2847E21E0085CBB6 /* of.entitlements */,
				E4B6FCAD0C3E899E008CF71C /* openFrameworks-Info.plist */,
				E4EB6923138AFD0F00A09F29 /* Project.xcconfig */,
				6593906F2D1E3CB000FC8957 /* Resources */,
				E4B69E1C0A3A1BDC003C02F2 /* src */,
				191EF70929D778A400F35F26 /* openFrameworks */,
				BB4B014C10F69532006C3DED /* addons */,
				E4B69B5B0A3A1756003C02F2 /* Hello WorldDebug.app */,
				65471B152BE7F7CD0051FA78 /* README.md */,
				656DC8882D25E7A700A63D6E /* Catch2Tests */,
				656DC8892D25E7A700A63D6E /* Catch2Tests */,
				6570371D2D7E454B00185E7B /* libEngine.a */,
				657037472D7E4C9000185E7B /* libUI.a */,
				657037602D7E513900185E7B /* Frameworks */,
			);
			sourceTree = "<group>";
		};
		E4B69E1C0A3A1BDC003C02F2 /* src */ = {
			isa = PBXGroup;
			children = (
				656DC8772D21920E00A63D6E /* Engine */,
				6570375C2D7E4CFB00185E7B /* Examples */,
				656DC86F2D20BB8900A63D6E /* UI */,
			);
			path = src;
			sourceTree = SOURCE_ROOT;
		};
/* End PBXGroup section */

/* Begin PBXHeadersBuildPhase section */
		657037192D7E454B00185E7B /* Headers */ = {
			isa = PBXHeadersBuildPhase;
			buildActionMask = 2147483647;
			files = (
				65F102342E120A4A0013F416 /* RtMidi.h in Headers */,
				65F1025C2E120BFB0013F416 /* ofxMidiIn.h in Headers */,
				65F1025D2E120BFB0013F416 /* ofxMidiMessage.h in Headers */,
				65F1025F2E120BFB0013F416 /* ofxMidiOut.h in Headers */,
				65F102602E120BFB0013F416 /* ofxMidiConstants.h in Headers */,
				65F102622E120BFB0013F416 /* ofxMidiClock.h in Headers */,
				65F102632E120BFB0013F416 /* ofxBaseMidi.h in Headers */,
				65F102652E120BFB0013F416 /* ofxRtMidiIn.h in Headers */,
				65F102672E120BFB0013F416 /* ofxMidiTypes.h in Headers */,
				65F102692E120BFB0013F416 /* ofxRtMidiOut.h in Headers */,
				65F1026A2E120BFB0013F416 /* ofxMidiTimecode.h in Headers */,
				65F1026B2E120BFB0013F416 /* ofxMidi.h in Headers */,
			);
			runOnlyForDeploymentPostprocessing = 0;
		};
		657037432D7E4C9000185E7B /* Headers */ = {
			isa = PBXHeadersBuildPhase;
			buildActionMask = 2147483647;
			files = (
			);
			runOnlyForDeploymentPostprocessing = 0;
		};
/* End PBXHeadersBuildPhase section */

/* Begin PBXNativeTarget section */
		656DC8872D25E7A700A63D6E /* Catch2Tests */ = {
			isa = PBXNativeTarget;
			buildConfigurationList = 656DC88C2D25E7A700A63D6E /* Build configuration list for PBXNativeTarget "Catch2Tests" */;
			buildPhases = (
				656DC8842D25E7A700A63D6E /* Sources */,
				656DC8852D25E7A700A63D6E /* Frameworks */,
				656DC8862D25E7A700A63D6E /* CopyFiles */,
			);
			buildRules = (
			);
			dependencies = (
			);
			fileSystemSynchronizedGroups = (
				656DC8892D25E7A700A63D6E /* Catch2Tests */,
			);
			name = Catch2Tests;
			packageProductDependencies = (
			);
			productName = Catch2Tests;
			productReference = 656DC8882D25E7A700A63D6E /* Catch2Tests */;
			productType = "com.apple.product-type.tool";
		};
		6570371C2D7E454B00185E7B /* Engine */ = {
			isa = PBXNativeTarget;
			buildConfigurationList = 657037232D7E454B00185E7B /* Build configuration list for PBXNativeTarget "Engine" */;
			buildPhases = (
				657037192D7E454B00185E7B /* Headers */,
				6570371A2D7E454B00185E7B /* Sources */,
				6570371B2D7E454B00185E7B /* Frameworks */,
			);
			buildRules = (
			);
			dependencies = (
			);
			name = Engine;
			packageProductDependencies = (
			);
			productName = Engine;
			productReference = 6570371D2D7E454B00185E7B /* libEngine.a */;
			productType = "com.apple.product-type.library.dynamic";
		};
		657037462D7E4C9000185E7B /* UI */ = {
			isa = PBXNativeTarget;
			buildConfigurationList = 6570374F2D7E4C9000185E7B /* Build configuration list for PBXNativeTarget "UI" */;
			buildPhases = (
				657037432D7E4C9000185E7B /* Headers */,
				657037442D7E4C9000185E7B /* Sources */,
				657037452D7E4C9000185E7B /* Frameworks */,
			);
			buildRules = (
			);
			dependencies = (
			);
			name = UI;
			packageProductDependencies = (
			);
			productName = UI;
			productReference = 657037472D7E4C9000185E7B /* libUI.a */;
			productType = "com.apple.product-type.library.static";
		};
		E4B69B5A0A3A1756003C02F2 /* Hello World */ = {
			isa = PBXNativeTarget;
			buildConfigurationList = E4B69B5F0A3A1757003C02F2 /* Build configuration list for PBXNativeTarget "Hello World" */;
			buildPhases = (
				E42962A92163ECCD00A6A9E2 /* Run Script — Compile OF */,
				E4B69B580A3A1756003C02F2 /* Sources */,
				E4B69B590A3A1756003C02F2 /* Frameworks */,
				E4C2427710CC5ABF004149E2 /* CopyFiles */,
				E4A5B60F29BAAAE400C2D356 /* CopyFiles */,
				19B789C429E5AB4A0082E9B8 /* ShellScript */,
			);
			buildRules = (
			);
			dependencies = (
			);
			fileSystemSynchronizedGroups = (
				656DC86F2D20BB8900A63D6E /* UI */,
				656DC8772D21920E00A63D6E /* Engine */,
				6570375C2D7E4CFB00185E7B /* Examples */,
			);
			name = "Hello World";
			productName = myOFApp;
			productReference = E4B69B5B0A3A1756003C02F2 /* Hello WorldDebug.app */;
			productType = "com.apple.product-type.application";
		};
/* End PBXNativeTarget section */

/* Begin PBXProject section */
		E4B69B4C0A3A1720003C02F2 /* Project object */ = {
			isa = PBXProject;
			attributes = {
				LastUpgradeCheck = 0600;
				TargetAttributes = {
					656DC8872D25E7A700A63D6E = {
						CreatedOnToolsVersion = 16.1;
					};
					6570371C2D7E454B00185E7B = {
						CreatedOnToolsVersion = 16.2;
					};
					657037462D7E4C9000185E7B = {
						CreatedOnToolsVersion = 16.2;
					};
				};
			};
			buildConfigurationList = E4B69B4D0A3A1720003C02F2 /* Build configuration list for PBXProject "VisualsEngine" */;
			developmentRegion = en;
			hasScannedForEncodings = 0;
			knownRegions = (
				en,
				Base,
			);
			mainGroup = E4B69B4A0A3A1720003C02F2;
			preferredProjectObjectVersion = 46;
			productRefGroup = E4B69B4A0A3A1720003C02F2;
			projectDirPath = "";
			projectRoot = "";
			targets = (
				E4B69B5A0A3A1756003C02F2 /* Hello World */,
				656DC8872D25E7A700A63D6E /* Catch2Tests */,
				6570371C2D7E454B00185E7B /* Engine */,
				657037462D7E4C9000185E7B /* UI */,
			);
		};
/* End PBXProject section */

/* Begin PBXShellScriptBuildPhase section */
		19B789C429E5AB4A0082E9B8 /* ShellScript */ = {
			isa = PBXShellScriptBuildPhase;
			buildActionMask = 2147483647;
			files = (
			);
			inputFileListPaths = (
			);
			inputPaths = (
			);
			outputFileListPaths = (
			);
			outputPaths = (
			);
			runOnlyForDeploymentPostprocessing = 0;
			shellPath = /bin/sh;
			shellScript = "\"$OF_PATH/scripts/osx/xcode_project.sh\"\n";
			showEnvVarsInLog = 0;
		};
		E42962A92163ECCD00A6A9E2 /* Run Script — Compile OF */ = {
			isa = PBXShellScriptBuildPhase;
			alwaysOutOfDate = 1;
			buildActionMask = 2147483647;
			files = (
			);
			inputPaths = (
			);
			name = "Run Script — Compile OF";
			outputPaths = (
			);
			runOnlyForDeploymentPostprocessing = 0;
			shellPath = /bin/sh;
			shellScript = "echo \"💾 Compiling Openframeworks\"\nxcodebuild -project \"$OF_PATH/libs/openFrameworksCompiled/project/osx/openFrameworksLib.xcodeproj\" -target openFrameworks -configuration \"${CONFIGURATION}\"  CLANG_CXX_LANGUAGE_STANDARD=$CLANG_CXX_LANGUAGE_STANDARD MACOSX_DEPLOYMENT_TARGET=$MACOSX_DEPLOYMENT_TARGET GCC_PREPROCESSOR_DEFINITIONS=$USER_PREPROCESSOR_DEFINITIONS\n";
			showEnvVarsInLog = 0;
		};
/* End PBXShellScriptBuildPhase section */

/* Begin PBXSourcesBuildPhase section */
		656DC8842D25E7A700A63D6E /* Sources */ = {
			isa = PBXSourcesBuildPhase;
			buildActionMask = 2147483647;
			files = (
			);
			runOnlyForDeploymentPostprocessing = 0;
		};
		6570371A2D7E454B00185E7B /* Sources */ = {
			isa = PBXSourcesBuildPhase;
			buildActionMask = 2147483647;
			files = (
				65F101DA2E1209EC0013F416 /* kiss_fftr.c in Sources */,
				65F101DB2E120A040013F416 /* ofxFft.cpp in Sources */,
				65F101DC2E120A040013F416 /* ofxEasyFft.cpp in Sources */,
				65F102382E120A4A0013F416 /* RtMidi.cpp in Sources */,
				65F101DD2E120A040013F416 /* ofxProcessFFT.cpp in Sources */,
				65F101DE2E120A040013F416 /* ofxFftBasic.cpp in Sources */,
				65F101DF2E120A040013F416 /* ofxFftw.cpp in Sources */,
				65F101D92E1209E20013F416 /* kiss_fft.c in Sources */,
				65F1026C2E120BFB0013F416 /* ofxMidiIn.cpp in Sources */,
				65F1026D2E120BFB0013F416 /* ofxMidi.cpp in Sources */,
				65F1026E2E120BFB0013F416 /* ofxRtMidiIn.cpp in Sources */,
				65F1026F2E120BFB0013F416 /* ofxRtMidiOut.cpp in Sources */,
				65F102712E120BFB0013F416 /* ofxMidiTimecode.cpp in Sources */,
				65F102742E120BFB0013F416 /* ofxMidiMessage.cpp in Sources */,
				65F102762E120BFB0013F416 /* ofxMidiClock.cpp in Sources */,
				65F102782E120BFB0013F416 /* ofxBaseMidi.cpp in Sources */,
				65F102792E120BFB0013F416 /* ofxMidiOut.cpp in Sources */,
			);
			runOnlyForDeploymentPostprocessing = 0;
		};
		657037442D7E4C9000185E7B /* Sources */ = {
			isa = PBXSourcesBuildPhase;
			buildActionMask = 2147483647;
			files = (
			);
			runOnlyForDeploymentPostprocessing = 0;
		};
		E4B69B580A3A1756003C02F2 /* Sources */ = {
			isa = PBXSourcesBuildPhase;
			buildActionMask = 2147483647;
			files = (
			);
			runOnlyForDeploymentPostprocessing = 0;
		};
/* End PBXSourcesBuildPhase section */

/* Begin XCBuildConfiguration section */
		656DC88D2D25E7A700A63D6E /* Debug */ = {
			isa = XCBuildConfiguration;
			buildSettings = {
				ALWAYS_SEARCH_USER_PATHS = NO;
				ASSETCATALOG_COMPILER_GENERATE_SWIFT_ASSET_SYMBOL_EXTENSIONS = YES;
				CLANG_ANALYZER_NONNULL = YES;
				CLANG_ANALYZER_NUMBER_OBJECT_CONVERSION = YES_AGGRESSIVE;
				CLANG_CXX_LANGUAGE_STANDARD = "gnu++20";
				CLANG_ENABLE_MODULES = YES;
				CLANG_ENABLE_OBJC_ARC = YES;
				CLANG_ENABLE_OBJC_WEAK = YES;
				CLANG_WARN_BLOCK_CAPTURE_AUTORELEASING = YES;
				CLANG_WARN_BOOL_CONVERSION = YES;
				CLANG_WARN_COMMA = YES;
				CLANG_WARN_CONSTANT_CONVERSION = YES;
				CLANG_WARN_DEPRECATED_OBJC_IMPLEMENTATIONS = YES;
				CLANG_WARN_DIRECT_OBJC_ISA_USAGE = YES_ERROR;
				CLANG_WARN_DOCUMENTATION_COMMENTS = YES;
				CLANG_WARN_EMPTY_BODY = YES;
				CLANG_WARN_ENUM_CONVERSION = YES;
				CLANG_WARN_INFINITE_RECURSION = YES;
				CLANG_WARN_INT_CONVERSION = YES;
				CLANG_WARN_NON_LITERAL_NULL_CONVERSION = YES;
				CLANG_WARN_OBJC_IMPLICIT_RETAIN_SELF = YES;
				CLANG_WARN_OBJC_LITERAL_CONVERSION = YES;
				CLANG_WARN_OBJC_ROOT_CLASS = YES_ERROR;
				CLANG_WARN_QUOTED_INCLUDE_IN_FRAMEWORK_HEADER = YES;
				CLANG_WARN_RANGE_LOOP_ANALYSIS = YES;
				CLANG_WARN_STRICT_PROTOTYPES = YES;
				CLANG_WARN_SUSPICIOUS_MOVE = YES;
				CLANG_WARN_UNGUARDED_AVAILABILITY = YES_AGGRESSIVE;
				CLANG_WARN_UNREACHABLE_CODE = YES;
				CLANG_WARN__DUPLICATE_METHOD_MATCH = YES;
				CODE_SIGN_STYLE = Manual;
				DEBUG_INFORMATION_FORMAT = dwarf;
				DEVELOPMENT_TEAM = "";
				ENABLE_HARDENED_RUNTIME = NO;
				ENABLE_STRICT_OBJC_MSGSEND = YES;
				ENABLE_USER_SCRIPT_SANDBOXING = YES;
				GCC_C_LANGUAGE_STANDARD = gnu17;
				GCC_DYNAMIC_NO_PIC = NO;
				GCC_NO_COMMON_BLOCKS = YES;
				GCC_PREPROCESSOR_DEFINITIONS = (
					"DEBUG=1",
					"$(inherited)",
				);
				GCC_WARN_64_TO_32_BIT_CONVERSION = YES;
				GCC_WARN_ABOUT_RETURN_TYPE = YES_ERROR;
				GCC_WARN_UNDECLARED_SELECTOR = YES;
				GCC_WARN_UNINITIALIZED_AUTOS = YES_AGGRESSIVE;
				GCC_WARN_UNUSED_FUNCTION = YES;
				GCC_WARN_UNUSED_VARIABLE = YES;
				HEADER_SEARCH_PATHS = (
					src,
					"$(HOMEBREW_PATH)/include",
				);
				HOMEBREW_PATH = /opt/homebrew;
				LIBRARY_SEARCH_PATHS = "$(HOMEBREW_PATH)/lib";
				LOCALIZATION_PREFERS_STRING_CATALOGS = YES;
				MACOSX_DEPLOYMENT_TARGET = 11.5;
				MTL_ENABLE_DEBUG_INFO = INCLUDE_SOURCE;
				MTL_FAST_MATH = YES;
				ONLY_ACTIVE_ARCH = YES;
				OTHER_LDFLAGS = "-lCatch2";
				PRODUCT_NAME = "$(TARGET_NAME)";
				PROVISIONING_PROFILE_SPECIFIER = "";
				SDKROOT = macosx;
			};
			name = Debug;
		};
		656DC88E2D25E7A700A63D6E /* Release */ = {
			isa = XCBuildConfiguration;
			buildSettings = {
				ALWAYS_SEARCH_USER_PATHS = NO;
				ASSETCATALOG_COMPILER_GENERATE_SWIFT_ASSET_SYMBOL_EXTENSIONS = YES;
				CLANG_ANALYZER_NONNULL = YES;
				CLANG_ANALYZER_NUMBER_OBJECT_CONVERSION = YES_AGGRESSIVE;
				CLANG_CXX_LANGUAGE_STANDARD = "gnu++20";
				CLANG_ENABLE_MODULES = YES;
				CLANG_ENABLE_OBJC_ARC = YES;
				CLANG_ENABLE_OBJC_WEAK = YES;
				CLANG_WARN_BLOCK_CAPTURE_AUTORELEASING = YES;
				CLANG_WARN_BOOL_CONVERSION = YES;
				CLANG_WARN_COMMA = YES;
				CLANG_WARN_CONSTANT_CONVERSION = YES;
				CLANG_WARN_DEPRECATED_OBJC_IMPLEMENTATIONS = YES;
				CLANG_WARN_DIRECT_OBJC_ISA_USAGE = YES_ERROR;
				CLANG_WARN_DOCUMENTATION_COMMENTS = YES;
				CLANG_WARN_EMPTY_BODY = YES;
				CLANG_WARN_ENUM_CONVERSION = YES;
				CLANG_WARN_INFINITE_RECURSION = YES;
				CLANG_WARN_INT_CONVERSION = YES;
				CLANG_WARN_NON_LITERAL_NULL_CONVERSION = YES;
				CLANG_WARN_OBJC_IMPLICIT_RETAIN_SELF = YES;
				CLANG_WARN_OBJC_LITERAL_CONVERSION = YES;
				CLANG_WARN_OBJC_ROOT_CLASS = YES_ERROR;
				CLANG_WARN_QUOTED_INCLUDE_IN_FRAMEWORK_HEADER = YES;
				CLANG_WARN_RANGE_LOOP_ANALYSIS = YES;
				CLANG_WARN_STRICT_PROTOTYPES = YES;
				CLANG_WARN_SUSPICIOUS_MOVE = YES;
				CLANG_WARN_UNGUARDED_AVAILABILITY = YES_AGGRESSIVE;
				CLANG_WARN_UNREACHABLE_CODE = YES;
				CLANG_WARN__DUPLICATE_METHOD_MATCH = YES;
				CODE_SIGN_STYLE = Manual;
				COPY_PHASE_STRIP = NO;
				DEBUG_INFORMATION_FORMAT = "dwarf-with-dsym";
				DEVELOPMENT_TEAM = "";
				ENABLE_HARDENED_RUNTIME = NO;
				ENABLE_NS_ASSERTIONS = NO;
				ENABLE_STRICT_OBJC_MSGSEND = YES;
				ENABLE_USER_SCRIPT_SANDBOXING = YES;
				GCC_C_LANGUAGE_STANDARD = gnu17;
				GCC_NO_COMMON_BLOCKS = YES;
				GCC_WARN_64_TO_32_BIT_CONVERSION = YES;
				GCC_WARN_ABOUT_RETURN_TYPE = YES_ERROR;
				GCC_WARN_UNDECLARED_SELECTOR = YES;
				GCC_WARN_UNINITIALIZED_AUTOS = YES_AGGRESSIVE;
				GCC_WARN_UNUSED_FUNCTION = YES;
				GCC_WARN_UNUSED_VARIABLE = YES;
				HEADER_SEARCH_PATHS = (
					src,
					"$(HOMEBREW_PATH)/include",
				);
				HOMEBREW_PATH = /opt/homebrew;
				LIBRARY_SEARCH_PATHS = "$(HOMEBREW_PATH)/lib";
				LOCALIZATION_PREFERS_STRING_CATALOGS = YES;
				MACOSX_DEPLOYMENT_TARGET = 11.5;
				MTL_ENABLE_DEBUG_INFO = NO;
				MTL_FAST_MATH = YES;
				OTHER_LDFLAGS = "-lCatch2";
				PRODUCT_NAME = "$(TARGET_NAME)";
				PROVISIONING_PROFILE_SPECIFIER = "";
				SDKROOT = macosx;
			};
			name = Release;
		};
		657037242D7E454B00185E7B /* Debug */ = {
			isa = XCBuildConfiguration;
			buildSettings = {
				ALWAYS_SEARCH_USER_PATHS = NO;
				ASSETCATALOG_COMPILER_GENERATE_SWIFT_ASSET_SYMBOL_EXTENSIONS = YES;
				CLANG_ANALYZER_NONNULL = YES;
				CLANG_ANALYZER_NUMBER_OBJECT_CONVERSION = YES_AGGRESSIVE;
				CLANG_CXX_LANGUAGE_STANDARD = "gnu++20";
				CLANG_ENABLE_MODULES = YES;
				CLANG_ENABLE_OBJC_ARC = YES;
				CLANG_ENABLE_OBJC_WEAK = YES;
				CLANG_WARN_BLOCK_CAPTURE_AUTORELEASING = YES;
				CLANG_WARN_BOOL_CONVERSION = YES;
				CLANG_WARN_COMMA = YES;
				CLANG_WARN_CONSTANT_CONVERSION = YES;
				CLANG_WARN_DEPRECATED_OBJC_IMPLEMENTATIONS = YES;
				CLANG_WARN_DIRECT_OBJC_ISA_USAGE = YES_ERROR;
				CLANG_WARN_DOCUMENTATION_COMMENTS = YES;
				CLANG_WARN_EMPTY_BODY = YES;
				CLANG_WARN_ENUM_CONVERSION = YES;
				CLANG_WARN_INFINITE_RECURSION = YES;
				CLANG_WARN_INT_CONVERSION = YES;
				CLANG_WARN_NON_LITERAL_NULL_CONVERSION = YES;
				CLANG_WARN_OBJC_IMPLICIT_RETAIN_SELF = YES;
				CLANG_WARN_OBJC_LITERAL_CONVERSION = YES;
				CLANG_WARN_OBJC_ROOT_CLASS = YES_ERROR;
				CLANG_WARN_QUOTED_INCLUDE_IN_FRAMEWORK_HEADER = YES;
				CLANG_WARN_RANGE_LOOP_ANALYSIS = YES;
				CLANG_WARN_STRICT_PROTOTYPES = YES;
				CLANG_WARN_SUSPICIOUS_MOVE = YES;
				CLANG_WARN_UNGUARDED_AVAILABILITY = YES_AGGRESSIVE;
				CLANG_WARN_UNREACHABLE_CODE = YES;
				CLANG_WARN__DUPLICATE_METHOD_MATCH = YES;
				CODE_SIGN_STYLE = Automatic;
				DEBUG_INFORMATION_FORMAT = dwarf;
				DEVELOPMENT_TEAM = NJJLX74WDH;
				DYLIB_COMPATIBILITY_VERSION = "";
				DYLIB_CURRENT_VERSION = "";
				DYLIB_INSTALL_NAME_BASE = "";
				ENABLE_STRICT_OBJC_MSGSEND = YES;
				ENABLE_USER_SCRIPT_SANDBOXING = NO;
				EXECUTABLE_EXTENSION = a;
				EXECUTABLE_PREFIX = lib;
				GCC_C_LANGUAGE_STANDARD = c17;
				GCC_DYNAMIC_NO_PIC = NO;
				GCC_NO_COMMON_BLOCKS = YES;
				GCC_PREPROCESSOR_DEFINITIONS = (
					"DEBUG=1",
					"$(inherited)",
				);
				GCC_WARN_64_TO_32_BIT_CONVERSION = YES;
				GCC_WARN_ABOUT_RETURN_TYPE = YES_ERROR;
				GCC_WARN_UNDECLARED_SELECTOR = YES;
				GCC_WARN_UNINITIALIZED_AUTOS = YES_AGGRESSIVE;
				GCC_WARN_UNUSED_FUNCTION = YES;
				GCC_WARN_UNUSED_VARIABLE = YES;
				HEADER_SEARCH_PATHS = (
					"$(OF_CORE_HEADERS)",
					src,
					"$(OFX_FFT_HEADER)",
					../../../addons/ofxMidi/src,
					../../../addons/ofxMidi/libs/rtmidi,
				);
				LD_DYLIB_INSTALL_NAME = "";
				LOCALIZATION_PREFERS_STRING_CATALOGS = YES;
				MACH_O_TYPE = staticlib;
				MACOSX_DEPLOYMENT_TARGET = 15.2;
				MTL_ENABLE_DEBUG_INFO = INCLUDE_SOURCE;
				MTL_FAST_MATH = YES;
				OFX_FFT_HEADER = "\"$(OF_PATH)/addons/ofxFft/src\" \"$(OF_PATH)/addons/ofxFft/libs/kiss\"";
				ONLY_ACTIVE_ARCH = YES;
				PRODUCT_NAME = "$(TARGET_NAME)";
				SDKROOT = macosx;
				SKIP_INSTALL = YES;
			};
			name = Debug;
		};
		657037252D7E454B00185E7B /* Release */ = {
			isa = XCBuildConfiguration;
			buildSettings = {
				ALWAYS_SEARCH_USER_PATHS = NO;
				ASSETCATALOG_COMPILER_GENERATE_SWIFT_ASSET_SYMBOL_EXTENSIONS = YES;
				CLANG_ANALYZER_NONNULL = YES;
				CLANG_ANALYZER_NUMBER_OBJECT_CONVERSION = YES_AGGRESSIVE;
				CLANG_CXX_LANGUAGE_STANDARD = "gnu++20";
				CLANG_ENABLE_MODULES = YES;
				CLANG_ENABLE_OBJC_ARC = YES;
				CLANG_ENABLE_OBJC_WEAK = YES;
				CLANG_WARN_BLOCK_CAPTURE_AUTORELEASING = YES;
				CLANG_WARN_BOOL_CONVERSION = YES;
				CLANG_WARN_COMMA = YES;
				CLANG_WARN_CONSTANT_CONVERSION = YES;
				CLANG_WARN_DEPRECATED_OBJC_IMPLEMENTATIONS = YES;
				CLANG_WARN_DIRECT_OBJC_ISA_USAGE = YES_ERROR;
				CLANG_WARN_DOCUMENTATION_COMMENTS = YES;
				CLANG_WARN_EMPTY_BODY = YES;
				CLANG_WARN_ENUM_CONVERSION = YES;
				CLANG_WARN_INFINITE_RECURSION = YES;
				CLANG_WARN_INT_CONVERSION = YES;
				CLANG_WARN_NON_LITERAL_NULL_CONVERSION = YES;
				CLANG_WARN_OBJC_IMPLICIT_RETAIN_SELF = YES;
				CLANG_WARN_OBJC_LITERAL_CONVERSION = YES;
				CLANG_WARN_OBJC_ROOT_CLASS = YES_ERROR;
				CLANG_WARN_QUOTED_INCLUDE_IN_FRAMEWORK_HEADER = YES;
				CLANG_WARN_RANGE_LOOP_ANALYSIS = YES;
				CLANG_WARN_STRICT_PROTOTYPES = YES;
				CLANG_WARN_SUSPICIOUS_MOVE = YES;
				CLANG_WARN_UNGUARDED_AVAILABILITY = YES_AGGRESSIVE;
				CLANG_WARN_UNREACHABLE_CODE = YES;
				CLANG_WARN__DUPLICATE_METHOD_MATCH = YES;
				CODE_SIGN_STYLE = Automatic;
				COPY_PHASE_STRIP = NO;
				DEBUG_INFORMATION_FORMAT = "dwarf-with-dsym";
				DEVELOPMENT_TEAM = NJJLX74WDH;
				DYLIB_COMPATIBILITY_VERSION = "";
				DYLIB_CURRENT_VERSION = "";
				DYLIB_INSTALL_NAME_BASE = "";
				ENABLE_NS_ASSERTIONS = NO;
				ENABLE_STRICT_OBJC_MSGSEND = YES;
				ENABLE_USER_SCRIPT_SANDBOXING = NO;
				EXECUTABLE_EXTENSION = a;
				EXECUTABLE_PREFIX = lib;
				GCC_C_LANGUAGE_STANDARD = c17;
				GCC_NO_COMMON_BLOCKS = YES;
				GCC_WARN_64_TO_32_BIT_CONVERSION = YES;
				GCC_WARN_ABOUT_RETURN_TYPE = YES_ERROR;
				GCC_WARN_UNDECLARED_SELECTOR = YES;
				GCC_WARN_UNINITIALIZED_AUTOS = YES_AGGRESSIVE;
				GCC_WARN_UNUSED_FUNCTION = YES;
				GCC_WARN_UNUSED_VARIABLE = YES;
				HEADER_SEARCH_PATHS = (
					"$(OF_CORE_HEADERS)",
					src,
					"$(OFX_FFT_HEADER)",
					../../../addons/ofxMidi/src,
					../../../addons/ofxMidi/libs/rtmidi,
				);
				LD_DYLIB_INSTALL_NAME = "";
				LOCALIZATION_PREFERS_STRING_CATALOGS = YES;
				MACH_O_TYPE = staticlib;
				MACOSX_DEPLOYMENT_TARGET = 15.2;
				MTL_ENABLE_DEBUG_INFO = NO;
				MTL_FAST_MATH = YES;
				OFX_FFT_HEADER = "\"$(OF_PATH)/addons/ofxFft/src\" \"$(OF_PATH)/addons/ofxFft/libs/kiss\"";
				PRODUCT_NAME = "$(TARGET_NAME)";
				SDKROOT = macosx;
				SKIP_INSTALL = YES;
			};
			name = Release;
		};
		657037502D7E4C9000185E7B /* Debug */ = {
			isa = XCBuildConfiguration;
			buildSettings = {
				ALWAYS_SEARCH_USER_PATHS = NO;
				ASSETCATALOG_COMPILER_GENERATE_SWIFT_ASSET_SYMBOL_EXTENSIONS = YES;
				CLANG_ANALYZER_NONNULL = YES;
				CLANG_ANALYZER_NUMBER_OBJECT_CONVERSION = YES_AGGRESSIVE;
				CLANG_CXX_LANGUAGE_STANDARD = "gnu++20";
				CLANG_ENABLE_MODULES = YES;
				CLANG_ENABLE_OBJC_ARC = YES;
				CLANG_ENABLE_OBJC_WEAK = YES;
				CLANG_WARN_BLOCK_CAPTURE_AUTORELEASING = YES;
				CLANG_WARN_BOOL_CONVERSION = YES;
				CLANG_WARN_COMMA = YES;
				CLANG_WARN_CONSTANT_CONVERSION = YES;
				CLANG_WARN_DEPRECATED_OBJC_IMPLEMENTATIONS = YES;
				CLANG_WARN_DIRECT_OBJC_ISA_USAGE = YES_ERROR;
				CLANG_WARN_DOCUMENTATION_COMMENTS = YES;
				CLANG_WARN_EMPTY_BODY = YES;
				CLANG_WARN_ENUM_CONVERSION = YES;
				CLANG_WARN_INFINITE_RECURSION = YES;
				CLANG_WARN_INT_CONVERSION = YES;
				CLANG_WARN_NON_LITERAL_NULL_CONVERSION = YES;
				CLANG_WARN_OBJC_IMPLICIT_RETAIN_SELF = YES;
				CLANG_WARN_OBJC_LITERAL_CONVERSION = YES;
				CLANG_WARN_OBJC_ROOT_CLASS = YES_ERROR;
				CLANG_WARN_QUOTED_INCLUDE_IN_FRAMEWORK_HEADER = YES;
				CLANG_WARN_RANGE_LOOP_ANALYSIS = YES;
				CLANG_WARN_STRICT_PROTOTYPES = YES;
				CLANG_WARN_SUSPICIOUS_MOVE = YES;
				CLANG_WARN_UNGUARDED_AVAILABILITY = YES_AGGRESSIVE;
				CLANG_WARN_UNREACHABLE_CODE = YES;
				CLANG_WARN__DUPLICATE_METHOD_MATCH = YES;
				CODE_SIGN_STYLE = Automatic;
				DEBUG_INFORMATION_FORMAT = dwarf;
				DEVELOPMENT_TEAM = NJJLX74WDH;
				ENABLE_STRICT_OBJC_MSGSEND = YES;
				ENABLE_USER_SCRIPT_SANDBOXING = YES;
				EXECUTABLE_PREFIX = lib;
				GCC_C_LANGUAGE_STANDARD = gnu17;
				GCC_DYNAMIC_NO_PIC = NO;
				GCC_ENABLE_CPP_EXCEPTIONS = YES;
				GCC_ENABLE_CPP_RTTI = YES;
				GCC_NO_COMMON_BLOCKS = YES;
				GCC_PREPROCESSOR_DEFINITIONS = (
					"DEBUG=1",
					"$(inherited)",
				);
				GCC_WARN_64_TO_32_BIT_CONVERSION = YES;
				GCC_WARN_ABOUT_RETURN_TYPE = YES_ERROR;
				GCC_WARN_UNDECLARED_SELECTOR = YES;
				GCC_WARN_UNINITIALIZED_AUTOS = YES_AGGRESSIVE;
				GCC_WARN_UNUSED_FUNCTION = YES;
				GCC_WARN_UNUSED_VARIABLE = YES;
				LOCALIZATION_PREFERS_STRING_CATALOGS = YES;
				MACOSX_DEPLOYMENT_TARGET = 15.2;
				MTL_ENABLE_DEBUG_INFO = INCLUDE_SOURCE;
				MTL_FAST_MATH = YES;
				ONLY_ACTIVE_ARCH = YES;
				PRODUCT_NAME = "$(TARGET_NAME)";
				SDKROOT = macosx;
				SKIP_INSTALL = YES;
			};
			name = Debug;
		};
		657037512D7E4C9000185E7B /* Release */ = {
			isa = XCBuildConfiguration;
			buildSettings = {
				ALWAYS_SEARCH_USER_PATHS = NO;
				ASSETCATALOG_COMPILER_GENERATE_SWIFT_ASSET_SYMBOL_EXTENSIONS = YES;
				CLANG_ANALYZER_NONNULL = YES;
				CLANG_ANALYZER_NUMBER_OBJECT_CONVERSION = YES_AGGRESSIVE;
				CLANG_CXX_LANGUAGE_STANDARD = "gnu++20";
				CLANG_ENABLE_MODULES = YES;
				CLANG_ENABLE_OBJC_ARC = YES;
				CLANG_ENABLE_OBJC_WEAK = YES;
				CLANG_WARN_BLOCK_CAPTURE_AUTORELEASING = YES;
				CLANG_WARN_BOOL_CONVERSION = YES;
				CLANG_WARN_COMMA = YES;
				CLANG_WARN_CONSTANT_CONVERSION = YES;
				CLANG_WARN_DEPRECATED_OBJC_IMPLEMENTATIONS = YES;
				CLANG_WARN_DIRECT_OBJC_ISA_USAGE = YES_ERROR;
				CLANG_WARN_DOCUMENTATION_COMMENTS = YES;
				CLANG_WARN_EMPTY_BODY = YES;
				CLANG_WARN_ENUM_CONVERSION = YES;
				CLANG_WARN_INFINITE_RECURSION = YES;
				CLANG_WARN_INT_CONVERSION = YES;
				CLANG_WARN_NON_LITERAL_NULL_CONVERSION = YES;
				CLANG_WARN_OBJC_IMPLICIT_RETAIN_SELF = YES;
				CLANG_WARN_OBJC_LITERAL_CONVERSION = YES;
				CLANG_WARN_OBJC_ROOT_CLASS = YES_ERROR;
				CLANG_WARN_QUOTED_INCLUDE_IN_FRAMEWORK_HEADER = YES;
				CLANG_WARN_RANGE_LOOP_ANALYSIS = YES;
				CLANG_WARN_STRICT_PROTOTYPES = YES;
				CLANG_WARN_SUSPICIOUS_MOVE = YES;
				CLANG_WARN_UNGUARDED_AVAILABILITY = YES_AGGRESSIVE;
				CLANG_WARN_UNREACHABLE_CODE = YES;
				CLANG_WARN__DUPLICATE_METHOD_MATCH = YES;
				CODE_SIGN_STYLE = Automatic;
				COPY_PHASE_STRIP = NO;
				DEBUG_INFORMATION_FORMAT = "dwarf-with-dsym";
				DEVELOPMENT_TEAM = NJJLX74WDH;
				ENABLE_NS_ASSERTIONS = NO;
				ENABLE_STRICT_OBJC_MSGSEND = YES;
				ENABLE_USER_SCRIPT_SANDBOXING = YES;
				EXECUTABLE_PREFIX = lib;
				GCC_C_LANGUAGE_STANDARD = gnu17;
				GCC_ENABLE_CPP_EXCEPTIONS = YES;
				GCC_ENABLE_CPP_RTTI = YES;
				GCC_NO_COMMON_BLOCKS = YES;
				GCC_WARN_64_TO_32_BIT_CONVERSION = YES;
				GCC_WARN_ABOUT_RETURN_TYPE = YES_ERROR;
				GCC_WARN_UNDECLARED_SELECTOR = YES;
				GCC_WARN_UNINITIALIZED_AUTOS = YES_AGGRESSIVE;
				GCC_WARN_UNUSED_FUNCTION = YES;
				GCC_WARN_UNUSED_VARIABLE = YES;
				LOCALIZATION_PREFERS_STRING_CATALOGS = YES;
				MACOSX_DEPLOYMENT_TARGET = 15.2;
				MTL_ENABLE_DEBUG_INFO = NO;
				MTL_FAST_MATH = YES;
				PRODUCT_NAME = "$(TARGET_NAME)";
				SDKROOT = macosx;
				SKIP_INSTALL = YES;
			};
			name = Release;
		};
		E4B69B4E0A3A1720003C02F2 /* Debug */ = {
			isa = XCBuildConfiguration;
			baseConfigurationReference = E4EB6923138AFD0F00A09F29 /* Project.xcconfig */;
			buildSettings = {
				CODE_SIGN_ENTITLEMENTS = of.entitlements;
				COPY_PHASE_STRIP = NO;
				ENABLE_TESTABILITY = YES;
				GCC_OPTIMIZATION_LEVEL = 0;
				GCC_WARN_UNUSED_VARIABLE = NO;
				HEADER_SEARCH_PATHS = (
					"$(OF_CORE_HEADERS)",
					src,
				);
				OTHER_CPLUSPLUSFLAGS = "-D__MACOSX_CORE__";
			};
			name = Debug;
		};
		E4B69B4F0A3A1720003C02F2 /* Release */ = {
			isa = XCBuildConfiguration;
			baseConfigurationReference = E4EB6923138AFD0F00A09F29 /* Project.xcconfig */;
			buildSettings = {
				CODE_SIGN_ENTITLEMENTS = of.entitlements;
				COPY_PHASE_STRIP = YES;
				GCC_OPTIMIZATION_LEVEL = 3;
				GCC_UNROLL_LOOPS = YES;
				HEADER_SEARCH_PATHS = (
					"$(OF_CORE_HEADERS)",
					src,
				);
				OTHER_CPLUSPLUSFLAGS = "-D__MACOSX_CORE__";
			};
			name = Release;
		};
		E4B69B600A3A1757003C02F2 /* Debug */ = {
			isa = XCBuildConfiguration;
			baseConfigurationReference = E4EB6923138AFD0F00A09F29 /* Project.xcconfig */;
			buildSettings = {
				ARCHS = "$(ARCHS_STANDARD)";
				COPY_PHASE_STRIP = NO;
				FRAMEWORK_SEARCH_PATHS = "$(inherited)";
				GCC_DYNAMIC_NO_PIC = NO;
				HEADER_SEARCH_PATHS = (
					"$(OF_CORE_HEADERS)",
					src,
					"$(OFX_FFT_HEADER)",
				);
				LIBRARY_SEARCH_PATHS = "$(inherited)";
				OFX_FFT = "\"$(OF_PATH)/addons/ofxFft/src\" \"$(OF_PATH)/addons/ofxFft/libs/kiss\"";
				OTHER_LDFLAGS = (
					"$(OF_CORE_LIBS)",
					"$(OF_CORE_FRAMEWORKS)",
					"$(LIB_OF_DEBUG)",
				);
			};
			name = Debug;
		};
		E4B69B610A3A1757003C02F2 /* Release */ = {
			isa = XCBuildConfiguration;
			baseConfigurationReference = E4EB6923138AFD0F00A09F29 /* Project.xcconfig */;
			buildSettings = {
				ARCHS = "$(ARCHS_STANDARD)";
				COPY_PHASE_STRIP = YES;
				FRAMEWORK_SEARCH_PATHS = "$(inherited)";
				HEADER_SEARCH_PATHS = (
					"$(OF_CORE_HEADERS)",
					src,
					"$(OFX_FFT_HEADER)",
				);
				LIBRARY_SEARCH_PATHS = "$(inherited)";
				OFX_FFT = "\"$(OF_PATH)/addons/ofxFft/src\" \"$(OF_PATH)/addons/ofxFft/libs/kiss\"";
				OTHER_LDFLAGS = (
					"$(OF_CORE_LIBS)",
					"$(OF_CORE_FRAMEWORKS)",
					"$(LIB_OF)",
				);
				baseConfigurationReference = E4EB6923138AFD0F00A09F29;
			};
			name = Release;
		};
/* End XCBuildConfiguration section */

/* Begin XCConfigurationList section */
		656DC88C2D25E7A700A63D6E /* Build configuration list for PBXNativeTarget "Catch2Tests" */ = {
			isa = XCConfigurationList;
			buildConfigurations = (
				656DC88D2D25E7A700A63D6E /* Debug */,
				656DC88E2D25E7A700A63D6E /* Release */,
			);
			defaultConfigurationIsVisible = 0;
			defaultConfigurationName = Release;
		};
		657037232D7E454B00185E7B /* Build configuration list for PBXNativeTarget "Engine" */ = {
			isa = XCConfigurationList;
			buildConfigurations = (
				657037242D7E454B00185E7B /* Debug */,
				657037252D7E454B00185E7B /* Release */,
			);
			defaultConfigurationIsVisible = 0;
			defaultConfigurationName = Release;
		};
		6570374F2D7E4C9000185E7B /* Build configuration list for PBXNativeTarget "UI" */ = {
			isa = XCConfigurationList;
			buildConfigurations = (
				657037502D7E4C9000185E7B /* Debug */,
				657037512D7E4C9000185E7B /* Release */,
			);
			defaultConfigurationIsVisible = 0;
			defaultConfigurationName = Release;
		};
		E4B69B4D0A3A1720003C02F2 /* Build configuration list for PBXProject "VisualsEngine" */ = {
			isa = XCConfigurationList;
			buildConfigurations = (
				E4B69B4E0A3A1720003C02F2 /* Debug */,
				E4B69B4F0A3A1720003C02F2 /* Release */,
			);
			defaultConfigurationIsVisible = 0;
			defaultConfigurationName = Release;
		};
		E4B69B5F0A3A1757003C02F2 /* Build configuration list for PBXNativeTarget "Hello World" */ = {
			isa = XCConfigurationList;
			buildConfigurations = (
				E4B69B600A3A1757003C02F2 /* Debug */,
				E4B69B610A3A1757003C02F2 /* Release */,
			);
			defaultConfigurationIsVisible = 0;
			defaultConfigurationName = Release;
		};
/* End XCConfigurationList section */
	};
	rootObject = E4B69B4C0A3A1720003C02F2 /* Project object */;
}
